// !$*UTF8*$!
{
	archiveVersion = 1;
	classes = {
	};
	objectVersion = 56;
	objects = {

/* Begin PBXBuildFile section */
		112A2C122B32F0B900AC0570 /* AppDelegate.swift in Sources */ = {isa = PBXBuildFile; fileRef = 112A2C112B32F0B900AC0570 /* AppDelegate.swift */; };
		112A2C162B32F0B900AC0570 /* MainViewController.swift in Sources */ = {isa = PBXBuildFile; fileRef = 112A2C152B32F0B900AC0570 /* MainViewController.swift */; };
		112A2C1B2B32F0BA00AC0570 /* Assets.xcassets in Resources */ = {isa = PBXBuildFile; fileRef = 112A2C1A2B32F0BA00AC0570 /* Assets.xcassets */; };
		112A2C1E2B32F0BA00AC0570 /* LaunchScreen.storyboard in Resources */ = {isa = PBXBuildFile; fileRef = 112A2C1C2B32F0BA00AC0570 /* LaunchScreen.storyboard */; };
		112A2C452B32FFAD00AC0570 /* MainView.swift in Sources */ = {isa = PBXBuildFile; fileRef = 112A2C442B32FFAD00AC0570 /* MainView.swift */; };
		112A2C472B32FFB300AC0570 /* MainViewModel.swift in Sources */ = {isa = PBXBuildFile; fileRef = 112A2C462B32FFB300AC0570 /* MainViewModel.swift */; };
		112A2C4A2B32FFCD00AC0570 /* MainModel.swift in Sources */ = {isa = PBXBuildFile; fileRef = 112A2C492B32FFCD00AC0570 /* MainModel.swift */; };
		112A2C4C2B330AEC00AC0570 /* MainBuilder.swift in Sources */ = {isa = PBXBuildFile; fileRef = 112A2C4B2B330AEC00AC0570 /* MainBuilder.swift */; };
		112A2C5B2B331DAE00AC0570 /* RxPublished.swift in Sources */ = {isa = PBXBuildFile; fileRef = 112A2C5A2B331DAE00AC0570 /* RxPublished.swift */; };
		1184E5722B3440D0004DDD1B /* WeatherRepository.swift in Sources */ = {isa = PBXBuildFile; fileRef = 1184E5712B3440D0004DDD1B /* WeatherRepository.swift */; };
		1184E5752B344102004DDD1B /* Weather.swift in Sources */ = {isa = PBXBuildFile; fileRef = 1184E5742B344102004DDD1B /* Weather.swift */; };
		1184E5782B346315004DDD1B /* WeatherDetailController.swift in Sources */ = {isa = PBXBuildFile; fileRef = 1184E5772B346315004DDD1B /* WeatherDetailController.swift */; };
		1184E57C2B346342004DDD1B /* WeatherDetailViewModel.swift in Sources */ = {isa = PBXBuildFile; fileRef = 1184E57B2B346342004DDD1B /* WeatherDetailViewModel.swift */; };
		1184E57E2B34634E004DDD1B /* WeatherDetailBuilder.swift in Sources */ = {isa = PBXBuildFile; fileRef = 1184E57D2B34634E004DDD1B /* WeatherDetailBuilder.swift */; };
		1184E5862B34A30E004DDD1B /* ColorsExtension.swift in Sources */ = {isa = PBXBuildFile; fileRef = 1184E5852B34A30E004DDD1B /* ColorsExtension.swift */; };
		1184E5882B34A368004DDD1B /* CGFloatExtension.swift in Sources */ = {isa = PBXBuildFile; fileRef = 1184E5872B34A368004DDD1B /* CGFloatExtension.swift */; };
		1184E58A2B35BFC2004DDD1B /* DayWeatherView.swift in Sources */ = {isa = PBXBuildFile; fileRef = 1184E5892B35BFC2004DDD1B /* DayWeatherView.swift */; };
		1184E58D2B35C134004DDD1B /* WeatherDetailView.swift in Sources */ = {isa = PBXBuildFile; fileRef = 1184E58C2B35C134004DDD1B /* WeatherDetailView.swift */; };
		11B300752B331E490021FB6A /* RxBlocking in Frameworks */ = {isa = PBXBuildFile; productRef = 11B300742B331E490021FB6A /* RxBlocking */; };
		11B300772B331E490021FB6A /* RxBlocking-Dynamic in Frameworks */ = {isa = PBXBuildFile; productRef = 11B300762B331E490021FB6A /* RxBlocking-Dynamic */; };
		11B300792B331E490021FB6A /* RxCocoa in Frameworks */ = {isa = PBXBuildFile; productRef = 11B300782B331E490021FB6A /* RxCocoa */; };
		11B3007B2B331E490021FB6A /* RxCocoa-Dynamic in Frameworks */ = {isa = PBXBuildFile; productRef = 11B3007A2B331E490021FB6A /* RxCocoa-Dynamic */; };
		11B3007D2B331E490021FB6A /* RxRelay in Frameworks */ = {isa = PBXBuildFile; productRef = 11B3007C2B331E490021FB6A /* RxRelay */; };
		11B3007F2B331E490021FB6A /* RxRelay-Dynamic in Frameworks */ = {isa = PBXBuildFile; productRef = 11B3007E2B331E490021FB6A /* RxRelay-Dynamic */; };
		11B300812B331E490021FB6A /* RxSwift in Frameworks */ = {isa = PBXBuildFile; productRef = 11B300802B331E490021FB6A /* RxSwift */; };
		11B300832B331E490021FB6A /* RxSwift-Dynamic in Frameworks */ = {isa = PBXBuildFile; productRef = 11B300822B331E490021FB6A /* RxSwift-Dynamic */; };
		11B300AC2B3323130021FB6A /* CultureRxState.swift in Sources */ = {isa = PBXBuildFile; fileRef = 11B300A52B3323130021FB6A /* CultureRxState.swift */; };
		11B300AD2B3323130021FB6A /* CultureRxViewProtocol.swift in Sources */ = {isa = PBXBuildFile; fileRef = 11B300A62B3323130021FB6A /* CultureRxViewProtocol.swift */; };
		11B300AE2B3323130021FB6A /* CultureRxViewModel.swift in Sources */ = {isa = PBXBuildFile; fileRef = 11B300A72B3323130021FB6A /* CultureRxViewModel.swift */; };
		11B300AF2B3323130021FB6A /* CultureRxModelOfView.swift in Sources */ = {isa = PBXBuildFile; fileRef = 11B300A82B3323130021FB6A /* CultureRxModelOfView.swift */; };
		11B300B02B3323130021FB6A /* CultureRxOutputRoute.swift in Sources */ = {isa = PBXBuildFile; fileRef = 11B300A92B3323130021FB6A /* CultureRxOutputRoute.swift */; };
		11B300B12B3323130021FB6A /* CultureRxViewController.swift in Sources */ = {isa = PBXBuildFile; fileRef = 11B300AA2B3323130021FB6A /* CultureRxViewController.swift */; };
		11B300B22B3323130021FB6A /* CultureRxView.swift in Sources */ = {isa = PBXBuildFile; fileRef = 11B300AB2B3323130021FB6A /* CultureRxView.swift */; };
		11B300B42B3333F10021FB6A /* SnapKit in Frameworks */ = {isa = PBXBuildFile; productRef = 11B300B32B3333F10021FB6A /* SnapKit */; };
		11B300B62B3333F10021FB6A /* SnapKit-Dynamic in Frameworks */ = {isa = PBXBuildFile; productRef = 11B300B52B3333F10021FB6A /* SnapKit-Dynamic */; };
		11B300B82B3334470021FB6A /* BaseView.swift in Sources */ = {isa = PBXBuildFile; fileRef = 11B300B72B3334470021FB6A /* BaseView.swift */; };
		11B300BA2B3335430021FB6A /* UIViewExtension.swift in Sources */ = {isa = PBXBuildFile; fileRef = 11B300B92B3335430021FB6A /* UIViewExtension.swift */; };
		11B300BC2B337DA20021FB6A /* CityCell.swift in Sources */ = {isa = PBXBuildFile; fileRef = 11B300BB2B337DA20021FB6A /* CityCell.swift */; };
/* End PBXBuildFile section */

/* Begin PBXFileReference section */
		112A2C0E2B32F0B900AC0570 /* weatherapp.app */ = {isa = PBXFileReference; explicitFileType = wrapper.application; includeInIndex = 0; path = weatherapp.app; sourceTree = BUILT_PRODUCTS_DIR; };
		112A2C112B32F0B900AC0570 /* AppDelegate.swift */ = {isa = PBXFileReference; lastKnownFileType = sourcecode.swift; path = AppDelegate.swift; sourceTree = "<group>"; };
		112A2C152B32F0B900AC0570 /* MainViewController.swift */ = {isa = PBXFileReference; lastKnownFileType = sourcecode.swift; path = MainViewController.swift; sourceTree = "<group>"; };
		112A2C1A2B32F0BA00AC0570 /* Assets.xcassets */ = {isa = PBXFileReference; lastKnownFileType = folder.assetcatalog; path = Assets.xcassets; sourceTree = "<group>"; };
		112A2C1D2B32F0BA00AC0570 /* Base */ = {isa = PBXFileReference; lastKnownFileType = file.storyboard; name = Base; path = Base.lproj/LaunchScreen.storyboard; sourceTree = "<group>"; };
		112A2C1F2B32F0BA00AC0570 /* Info.plist */ = {isa = PBXFileReference; lastKnownFileType = text.plist.xml; path = Info.plist; sourceTree = "<group>"; };
		112A2C442B32FFAD00AC0570 /* MainView.swift */ = {isa = PBXFileReference; lastKnownFileType = sourcecode.swift; path = MainView.swift; sourceTree = "<group>"; };
		112A2C462B32FFB300AC0570 /* MainViewModel.swift */ = {isa = PBXFileReference; lastKnownFileType = sourcecode.swift; path = MainViewModel.swift; sourceTree = "<group>"; };
		112A2C492B32FFCD00AC0570 /* MainModel.swift */ = {isa = PBXFileReference; lastKnownFileType = sourcecode.swift; path = MainModel.swift; sourceTree = "<group>"; };
		112A2C4B2B330AEC00AC0570 /* MainBuilder.swift */ = {isa = PBXFileReference; lastKnownFileType = sourcecode.swift; path = MainBuilder.swift; sourceTree = "<group>"; };
		112A2C5A2B331DAE00AC0570 /* RxPublished.swift */ = {isa = PBXFileReference; lastKnownFileType = sourcecode.swift; path = RxPublished.swift; sourceTree = "<group>"; };
		1184E5712B3440D0004DDD1B /* WeatherRepository.swift */ = {isa = PBXFileReference; lastKnownFileType = sourcecode.swift; path = WeatherRepository.swift; sourceTree = "<group>"; };
		1184E5742B344102004DDD1B /* Weather.swift */ = {isa = PBXFileReference; lastKnownFileType = sourcecode.swift; path = Weather.swift; sourceTree = "<group>"; };
		1184E5772B346315004DDD1B /* WeatherDetailController.swift */ = {isa = PBXFileReference; lastKnownFileType = sourcecode.swift; path = WeatherDetailController.swift; sourceTree = "<group>"; };
		1184E57B2B346342004DDD1B /* WeatherDetailViewModel.swift */ = {isa = PBXFileReference; lastKnownFileType = sourcecode.swift; path = WeatherDetailViewModel.swift; sourceTree = "<group>"; };
		1184E57D2B34634E004DDD1B /* WeatherDetailBuilder.swift */ = {isa = PBXFileReference; lastKnownFileType = sourcecode.swift; path = WeatherDetailBuilder.swift; sourceTree = "<group>"; };
		1184E5852B34A30E004DDD1B /* ColorsExtension.swift */ = {isa = PBXFileReference; lastKnownFileType = sourcecode.swift; path = ColorsExtension.swift; sourceTree = "<group>"; };
		1184E5872B34A368004DDD1B /* CGFloatExtension.swift */ = {isa = PBXFileReference; lastKnownFileType = sourcecode.swift; path = CGFloatExtension.swift; sourceTree = "<group>"; };
		1184E5892B35BFC2004DDD1B /* DayWeatherView.swift */ = {isa = PBXFileReference; lastKnownFileType = sourcecode.swift; path = DayWeatherView.swift; sourceTree = "<group>"; };
		1184E58C2B35C134004DDD1B /* WeatherDetailView.swift */ = {isa = PBXFileReference; fileEncoding = 4; lastKnownFileType = sourcecode.swift; name = WeatherDetailView.swift; path = ../../../../../../../Desktop/WeatherDetailView.swift; sourceTree = "<group>"; };
		11B300A52B3323130021FB6A /* CultureRxState.swift */ = {isa = PBXFileReference; fileEncoding = 4; lastKnownFileType = sourcecode.swift; name = CultureRxState.swift; path = ../../../../../../Desktop/MVVM/CultureRxState.swift; sourceTree = "<group>"; };
		11B300A62B3323130021FB6A /* CultureRxViewProtocol.swift */ = {isa = PBXFileReference; fileEncoding = 4; lastKnownFileType = sourcecode.swift; name = CultureRxViewProtocol.swift; path = ../../../../../../Desktop/MVVM/CultureRxViewProtocol.swift; sourceTree = "<group>"; };
		11B300A72B3323130021FB6A /* CultureRxViewModel.swift */ = {isa = PBXFileReference; fileEncoding = 4; lastKnownFileType = sourcecode.swift; name = CultureRxViewModel.swift; path = ../../../../../../Desktop/MVVM/CultureRxViewModel.swift; sourceTree = "<group>"; };
		11B300A82B3323130021FB6A /* CultureRxModelOfView.swift */ = {isa = PBXFileReference; fileEncoding = 4; lastKnownFileType = sourcecode.swift; name = CultureRxModelOfView.swift; path = ../../../../../../Desktop/MVVM/CultureRxModelOfView.swift; sourceTree = "<group>"; };
		11B300A92B3323130021FB6A /* CultureRxOutputRoute.swift */ = {isa = PBXFileReference; fileEncoding = 4; lastKnownFileType = sourcecode.swift; name = CultureRxOutputRoute.swift; path = ../../../../../../Desktop/MVVM/CultureRxOutputRoute.swift; sourceTree = "<group>"; };
		11B300AA2B3323130021FB6A /* CultureRxViewController.swift */ = {isa = PBXFileReference; fileEncoding = 4; lastKnownFileType = sourcecode.swift; name = CultureRxViewController.swift; path = ../../../../../../Desktop/MVVM/CultureRxViewController.swift; sourceTree = "<group>"; };
		11B300AB2B3323130021FB6A /* CultureRxView.swift */ = {isa = PBXFileReference; fileEncoding = 4; lastKnownFileType = sourcecode.swift; name = CultureRxView.swift; path = ../../../../../../Desktop/MVVM/CultureRxView.swift; sourceTree = "<group>"; };
		11B300B72B3334470021FB6A /* BaseView.swift */ = {isa = PBXFileReference; lastKnownFileType = sourcecode.swift; path = BaseView.swift; sourceTree = "<group>"; };
		11B300B92B3335430021FB6A /* UIViewExtension.swift */ = {isa = PBXFileReference; lastKnownFileType = sourcecode.swift; path = UIViewExtension.swift; sourceTree = "<group>"; };
		11B300BB2B337DA20021FB6A /* CityCell.swift */ = {isa = PBXFileReference; lastKnownFileType = sourcecode.swift; path = CityCell.swift; sourceTree = "<group>"; };
/* End PBXFileReference section */

/* Begin PBXFrameworksBuildPhase section */
		112A2C0B2B32F0B900AC0570 /* Frameworks */ = {
			isa = PBXFrameworksBuildPhase;
			buildActionMask = 2147483647;
			files = (
				11B300832B331E490021FB6A /* RxSwift-Dynamic in Frameworks */,
				11B3007D2B331E490021FB6A /* RxRelay in Frameworks */,
				11B3007B2B331E490021FB6A /* RxCocoa-Dynamic in Frameworks */,
				11B3007F2B331E490021FB6A /* RxRelay-Dynamic in Frameworks */,
				11B300792B331E490021FB6A /* RxCocoa in Frameworks */,
				11B300B62B3333F10021FB6A /* SnapKit-Dynamic in Frameworks */,
				11B300752B331E490021FB6A /* RxBlocking in Frameworks */,
				11B300B42B3333F10021FB6A /* SnapKit in Frameworks */,
				11B300772B331E490021FB6A /* RxBlocking-Dynamic in Frameworks */,
				11B300812B331E490021FB6A /* RxSwift in Frameworks */,
			);
			runOnlyForDeploymentPostprocessing = 0;
		};
/* End PBXFrameworksBuildPhase section */

/* Begin PBXGroup section */
		112A2C052B32F0B900AC0570 = {
			isa = PBXGroup;
			children = (
				112A2C102B32F0B900AC0570 /* weatherapp */,
				112A2C0F2B32F0B900AC0570 /* Products */,
			);
			sourceTree = "<group>";
		};
		112A2C0F2B32F0B900AC0570 /* Products */ = {
			isa = PBXGroup;
			children = (
				112A2C0E2B32F0B900AC0570 /* weatherapp.app */,
			);
			name = Products;
			sourceTree = "<group>";
		};
		112A2C102B32F0B900AC0570 /* weatherapp */ = {
			isa = PBXGroup;
			children = (
				1184E5732B3440F2004DDD1B /* Entities */,
				1184E56F2B344094004DDD1B /* Network */,
				112A2C572B331D3600AC0570 /* UI */,
				112A2C4D2B330F5F00AC0570 /* Core */,
				112A2C422B32FF8800AC0570 /* Modules */,
				112A2C112B32F0B900AC0570 /* AppDelegate.swift */,
				112A2C1A2B32F0BA00AC0570 /* Assets.xcassets */,
				112A2C1C2B32F0BA00AC0570 /* LaunchScreen.storyboard */,
				112A2C1F2B32F0BA00AC0570 /* Info.plist */,
			);
			path = weatherapp;
			sourceTree = "<group>";
		};
		112A2C422B32FF8800AC0570 /* Modules */ = {
			isa = PBXGroup;
			children = (
				1184E5762B3462FB004DDD1B /* WeatherDetail */,
				112A2C432B32FF8E00AC0570 /* Main */,
			);
			path = Modules;
			sourceTree = "<group>";
		};
		112A2C432B32FF8E00AC0570 /* Main */ = {
			isa = PBXGroup;
			children = (
				112A2C482B32FFBF00AC0570 /* Views */,
				112A2C152B32F0B900AC0570 /* MainViewController.swift */,
				112A2C462B32FFB300AC0570 /* MainViewModel.swift */,
				112A2C4B2B330AEC00AC0570 /* MainBuilder.swift */,
			);
			path = Main;
			sourceTree = "<group>";
		};
		112A2C482B32FFBF00AC0570 /* Views */ = {
			isa = PBXGroup;
			children = (
				112A2C442B32FFAD00AC0570 /* MainView.swift */,
				112A2C492B32FFCD00AC0570 /* MainModel.swift */,
				11B300BB2B337DA20021FB6A /* CityCell.swift */,
			);
			path = Views;
			sourceTree = "<group>";
		};
		112A2C4D2B330F5F00AC0570 /* Core */ = {
			isa = PBXGroup;
			children = (
				1184E5842B34A2FF004DDD1B /* Extensions */,
				112A2C5A2B331DAE00AC0570 /* RxPublished.swift */,
			);
			path = Core;
			sourceTree = "<group>";
		};
		112A2C572B331D3600AC0570 /* UI */ = {
			isa = PBXGroup;
			children = (
				11B300882B331EC20021FB6A /* MVVM */,
				11B300B72B3334470021FB6A /* BaseView.swift */,
				11B300B92B3335430021FB6A /* UIViewExtension.swift */,
			);
			path = UI;
			sourceTree = "<group>";
		};
		1184E56F2B344094004DDD1B /* Network */ = {
			isa = PBXGroup;
			children = (
				1184E5702B3440BD004DDD1B /* Repositories */,
			);
			path = Network;
			sourceTree = "<group>";
		};
		1184E5702B3440BD004DDD1B /* Repositories */ = {
			isa = PBXGroup;
			children = (
				1184E5712B3440D0004DDD1B /* WeatherRepository.swift */,
			);
			path = Repositories;
			sourceTree = "<group>";
		};
		1184E5732B3440F2004DDD1B /* Entities */ = {
			isa = PBXGroup;
			children = (
				1184E5742B344102004DDD1B /* Weather.swift */,
			);
			path = Entities;
			sourceTree = "<group>";
		};
		1184E5762B3462FB004DDD1B /* WeatherDetail */ = {
			isa = PBXGroup;
			children = (
				1184E58B2B35C000004DDD1B /* Views */,
				1184E5772B346315004DDD1B /* WeatherDetailController.swift */,
				1184E57B2B346342004DDD1B /* WeatherDetailViewModel.swift */,
				1184E57D2B34634E004DDD1B /* WeatherDetailBuilder.swift */,
			);
			path = WeatherDetail;
			sourceTree = "<group>";
		};
		1184E5842B34A2FF004DDD1B /* Extensions */ = {
			isa = PBXGroup;
			children = (
				1184E5852B34A30E004DDD1B /* ColorsExtension.swift */,
				1184E5872B34A368004DDD1B /* CGFloatExtension.swift */,
			);
			path = Extensions;
			sourceTree = "<group>";
		};
		1184E58B2B35C000004DDD1B /* Views */ = {
			isa = PBXGroup;
			children = (
				1184E58C2B35C134004DDD1B /* WeatherDetailView.swift */,
				1184E5892B35BFC2004DDD1B /* DayWeatherView.swift */,
			);
			path = Views;
			sourceTree = "<group>";
		};
		11B300882B331EC20021FB6A /* MVVM */ = {
			isa = PBXGroup;
			children = (
				11B300A82B3323130021FB6A /* CultureRxModelOfView.swift */,
				11B300A92B3323130021FB6A /* CultureRxOutputRoute.swift */,
				11B300A52B3323130021FB6A /* CultureRxState.swift */,
				11B300AB2B3323130021FB6A /* CultureRxView.swift */,
				11B300AA2B3323130021FB6A /* CultureRxViewController.swift */,
				11B300A72B3323130021FB6A /* CultureRxViewModel.swift */,
				11B300A62B3323130021FB6A /* CultureRxViewProtocol.swift */,
			);
			path = MVVM;
			sourceTree = "<group>";
		};
/* End PBXGroup section */

/* Begin PBXNativeTarget section */
		112A2C0D2B32F0B900AC0570 /* weatherapp */ = {
			isa = PBXNativeTarget;
			buildConfigurationList = 112A2C382B32F0BA00AC0570 /* Build configuration list for PBXNativeTarget "weatherapp" */;
			buildPhases = (
				112A2C0A2B32F0B900AC0570 /* Sources */,
				112A2C0B2B32F0B900AC0570 /* Frameworks */,
				112A2C0C2B32F0B900AC0570 /* Resources */,
			);
			buildRules = (
			);
			dependencies = (
			);
			name = weatherapp;
			packageProductDependencies = (
				11B300742B331E490021FB6A /* RxBlocking */,
				11B300762B331E490021FB6A /* RxBlocking-Dynamic */,
				11B300782B331E490021FB6A /* RxCocoa */,
				11B3007A2B331E490021FB6A /* RxCocoa-Dynamic */,
				11B3007C2B331E490021FB6A /* RxRelay */,
				11B3007E2B331E490021FB6A /* RxRelay-Dynamic */,
				11B300802B331E490021FB6A /* RxSwift */,
				11B300822B331E490021FB6A /* RxSwift-Dynamic */,
				11B300B32B3333F10021FB6A /* SnapKit */,
				11B300B52B3333F10021FB6A /* SnapKit-Dynamic */,
			);
			productName = weatherapp;
			productReference = 112A2C0E2B32F0B900AC0570 /* weatherapp.app */;
			productType = "com.apple.product-type.application";
		};
/* End PBXNativeTarget section */

/* Begin PBXProject section */
		112A2C062B32F0B900AC0570 /* Project object */ = {
			isa = PBXProject;
			attributes = {
				BuildIndependentTargetsInParallel = 1;
				LastSwiftUpdateCheck = 1500;
				LastUpgradeCheck = 1500;
				TargetAttributes = {
					112A2C0D2B32F0B900AC0570 = {
						CreatedOnToolsVersion = 15.0.1;
					};
				};
			};
			buildConfigurationList = 112A2C092B32F0B900AC0570 /* Build configuration list for PBXProject "weatherapp" */;
			compatibilityVersion = "Xcode 14.0";
			developmentRegion = en;
			hasScannedForEncodings = 0;
			knownRegions = (
				en,
				Base,
			);
			mainGroup = 112A2C052B32F0B900AC0570;
			packageReferences = (
				112A2C412B32FF6500AC0570 /* XCRemoteSwiftPackageReference "RxSwift" */,
				112A2C562B3316CA00AC0570 /* XCRemoteSwiftPackageReference "SnapKit" */,
			);
			productRefGroup = 112A2C0F2B32F0B900AC0570 /* Products */;
			projectDirPath = "";
			projectRoot = "";
			targets = (
				112A2C0D2B32F0B900AC0570 /* weatherapp */,
			);
		};
/* End PBXProject section */

/* Begin PBXResourcesBuildPhase section */
		112A2C0C2B32F0B900AC0570 /* Resources */ = {
			isa = PBXResourcesBuildPhase;
			buildActionMask = 2147483647;
			files = (
				112A2C1E2B32F0BA00AC0570 /* LaunchScreen.storyboard in Resources */,
				112A2C1B2B32F0BA00AC0570 /* Assets.xcassets in Resources */,
			);
			runOnlyForDeploymentPostprocessing = 0;
		};
/* End PBXResourcesBuildPhase section */

/* Begin PBXSourcesBuildPhase section */
		112A2C0A2B32F0B900AC0570 /* Sources */ = {
			isa = PBXSourcesBuildPhase;
			buildActionMask = 2147483647;
			files = (
				1184E5722B3440D0004DDD1B /* WeatherRepository.swift in Sources */,
				11B300B12B3323130021FB6A /* CultureRxViewController.swift in Sources */,
				11B300B22B3323130021FB6A /* CultureRxView.swift in Sources */,
				1184E5782B346315004DDD1B /* WeatherDetailController.swift in Sources */,
				112A2C4A2B32FFCD00AC0570 /* MainModel.swift in Sources */,
				112A2C162B32F0B900AC0570 /* MainViewController.swift in Sources */,
				1184E5882B34A368004DDD1B /* CGFloatExtension.swift in Sources */,
				11B300AF2B3323130021FB6A /* CultureRxModelOfView.swift in Sources */,
				11B300B02B3323130021FB6A /* CultureRxOutputRoute.swift in Sources */,
				11B300BA2B3335430021FB6A /* UIViewExtension.swift in Sources */,
				1184E58D2B35C134004DDD1B /* WeatherDetailView.swift in Sources */,
				11B300AC2B3323130021FB6A /* CultureRxState.swift in Sources */,
				112A2C4C2B330AEC00AC0570 /* MainBuilder.swift in Sources */,
				1184E58A2B35BFC2004DDD1B /* DayWeatherView.swift in Sources */,
				112A2C472B32FFB300AC0570 /* MainViewModel.swift in Sources */,
				112A2C452B32FFAD00AC0570 /* MainView.swift in Sources */,
				1184E57E2B34634E004DDD1B /* WeatherDetailBuilder.swift in Sources */,
				11B300BC2B337DA20021FB6A /* CityCell.swift in Sources */,
				11B300AE2B3323130021FB6A /* CultureRxViewModel.swift in Sources */,
				11B300AD2B3323130021FB6A /* CultureRxViewProtocol.swift in Sources */,
				1184E57C2B346342004DDD1B /* WeatherDetailViewModel.swift in Sources */,
				11B300B82B3334470021FB6A /* BaseView.swift in Sources */,
				112A2C122B32F0B900AC0570 /* AppDelegate.swift in Sources */,
				1184E5752B344102004DDD1B /* Weather.swift in Sources */,
				112A2C5B2B331DAE00AC0570 /* RxPublished.swift in Sources */,
				1184E5862B34A30E004DDD1B /* ColorsExtension.swift in Sources */,
			);
			runOnlyForDeploymentPostprocessing = 0;
		};
/* End PBXSourcesBuildPhase section */

/* Begin PBXVariantGroup section */
		112A2C1C2B32F0BA00AC0570 /* LaunchScreen.storyboard */ = {
			isa = PBXVariantGroup;
			children = (
				112A2C1D2B32F0BA00AC0570 /* Base */,
			);
			name = LaunchScreen.storyboard;
			sourceTree = "<group>";
		};
/* End PBXVariantGroup section */

/* Begin XCBuildConfiguration section */
		112A2C362B32F0BA00AC0570 /* Debug */ = {
			isa = XCBuildConfiguration;
			buildSettings = {
				ALWAYS_SEARCH_USER_PATHS = NO;
				ASSETCATALOG_COMPILER_GENERATE_SWIFT_ASSET_SYMBOL_EXTENSIONS = YES;
				CLANG_ANALYZER_NONNULL = YES;
				CLANG_ANALYZER_NUMBER_OBJECT_CONVERSION = YES_AGGRESSIVE;
				CLANG_CXX_LANGUAGE_STANDARD = "gnu++20";
				CLANG_ENABLE_MODULES = YES;
				CLANG_ENABLE_OBJC_ARC = YES;
				CLANG_ENABLE_OBJC_WEAK = YES;
				CLANG_WARN_BLOCK_CAPTURE_AUTORELEASING = YES;
				CLANG_WARN_BOOL_CONVERSION = YES;
				CLANG_WARN_COMMA = YES;
				CLANG_WARN_CONSTANT_CONVERSION = YES;
				CLANG_WARN_DEPRECATED_OBJC_IMPLEMENTATIONS = YES;
				CLANG_WARN_DIRECT_OBJC_ISA_USAGE = YES_ERROR;
				CLANG_WARN_DOCUMENTATION_COMMENTS = YES;
				CLANG_WARN_EMPTY_BODY = YES;
				CLANG_WARN_ENUM_CONVERSION = YES;
				CLANG_WARN_INFINITE_RECURSION = YES;
				CLANG_WARN_INT_CONVERSION = YES;
				CLANG_WARN_NON_LITERAL_NULL_CONVERSION = YES;
				CLANG_WARN_OBJC_IMPLICIT_RETAIN_SELF = YES;
				CLANG_WARN_OBJC_LITERAL_CONVERSION = YES;
				CLANG_WARN_OBJC_ROOT_CLASS = YES_ERROR;
				CLANG_WARN_QUOTED_INCLUDE_IN_FRAMEWORK_HEADER = YES;
				CLANG_WARN_RANGE_LOOP_ANALYSIS = YES;
				CLANG_WARN_STRICT_PROTOTYPES = YES;
				CLANG_WARN_SUSPICIOUS_MOVE = YES;
				CLANG_WARN_UNGUARDED_AVAILABILITY = YES_AGGRESSIVE;
				CLANG_WARN_UNREACHABLE_CODE = YES;
				CLANG_WARN__DUPLICATE_METHOD_MATCH = YES;
				COPY_PHASE_STRIP = NO;
				DEBUG_INFORMATION_FORMAT = dwarf;
				ENABLE_STRICT_OBJC_MSGSEND = YES;
				ENABLE_TESTABILITY = NO;
				ENABLE_USER_SCRIPT_SANDBOXING = YES;
				GCC_C_LANGUAGE_STANDARD = gnu17;
				GCC_DYNAMIC_NO_PIC = NO;
				GCC_NO_COMMON_BLOCKS = YES;
				GCC_OPTIMIZATION_LEVEL = 0;
				GCC_PREPROCESSOR_DEFINITIONS = (
					"DEBUG=1",
					"$(inherited)",
				);
				GCC_WARN_64_TO_32_BIT_CONVERSION = YES;
				GCC_WARN_ABOUT_RETURN_TYPE = YES_ERROR;
				GCC_WARN_UNDECLARED_SELECTOR = YES;
				GCC_WARN_UNINITIALIZED_AUTOS = YES_AGGRESSIVE;
				GCC_WARN_UNUSED_FUNCTION = YES;
				GCC_WARN_UNUSED_VARIABLE = YES;
				IPHONEOS_DEPLOYMENT_TARGET = 17.0;
				LOCALIZATION_PREFERS_STRING_CATALOGS = YES;
				MTL_ENABLE_DEBUG_INFO = INCLUDE_SOURCE;
				MTL_FAST_MATH = YES;
				ONLY_ACTIVE_ARCH = YES;
				SDKROOT = iphoneos;
				SWIFT_ACTIVE_COMPILATION_CONDITIONS = "DEBUG $(inherited)";
				SWIFT_OPTIMIZATION_LEVEL = "-Onone";
			};
			name = Debug;
		};
		112A2C372B32F0BA00AC0570 /* Release */ = {
			isa = XCBuildConfiguration;
			buildSettings = {
				ALWAYS_SEARCH_USER_PATHS = NO;
				ASSETCATALOG_COMPILER_GENERATE_SWIFT_ASSET_SYMBOL_EXTENSIONS = YES;
				CLANG_ANALYZER_NONNULL = YES;
				CLANG_ANALYZER_NUMBER_OBJECT_CONVERSION = YES_AGGRESSIVE;
				CLANG_CXX_LANGUAGE_STANDARD = "gnu++20";
				CLANG_ENABLE_MODULES = YES;
				CLANG_ENABLE_OBJC_ARC = YES;
				CLANG_ENABLE_OBJC_WEAK = YES;
				CLANG_WARN_BLOCK_CAPTURE_AUTORELEASING = YES;
				CLANG_WARN_BOOL_CONVERSION = YES;
				CLANG_WARN_COMMA = YES;
				CLANG_WARN_CONSTANT_CONVERSION = YES;
				CLANG_WARN_DEPRECATED_OBJC_IMPLEMENTATIONS = YES;
				CLANG_WARN_DIRECT_OBJC_ISA_USAGE = YES_ERROR;
				CLANG_WARN_DOCUMENTATION_COMMENTS = YES;
				CLANG_WARN_EMPTY_BODY = YES;
				CLANG_WARN_ENUM_CONVERSION = YES;
				CLANG_WARN_INFINITE_RECURSION = YES;
				CLANG_WARN_INT_CONVERSION = YES;
				CLANG_WARN_NON_LITERAL_NULL_CONVERSION = YES;
				CLANG_WARN_OBJC_IMPLICIT_RETAIN_SELF = YES;
				CLANG_WARN_OBJC_LITERAL_CONVERSION = YES;
				CLANG_WARN_OBJC_ROOT_CLASS = YES_ERROR;
				CLANG_WARN_QUOTED_INCLUDE_IN_FRAMEWORK_HEADER = YES;
				CLANG_WARN_RANGE_LOOP_ANALYSIS = YES;
				CLANG_WARN_STRICT_PROTOTYPES = YES;
				CLANG_WARN_SUSPICIOUS_MOVE = YES;
				CLANG_WARN_UNGUARDED_AVAILABILITY = YES_AGGRESSIVE;
				CLANG_WARN_UNREACHABLE_CODE = YES;
				CLANG_WARN__DUPLICATE_METHOD_MATCH = YES;
				COPY_PHASE_STRIP = NO;
				DEBUG_INFORMATION_FORMAT = "dwarf-with-dsym";
				ENABLE_NS_ASSERTIONS = NO;
				ENABLE_STRICT_OBJC_MSGSEND = YES;
				ENABLE_USER_SCRIPT_SANDBOXING = YES;
				GCC_C_LANGUAGE_STANDARD = gnu17;
				GCC_NO_COMMON_BLOCKS = YES;
				GCC_WARN_64_TO_32_BIT_CONVERSION = YES;
				GCC_WARN_ABOUT_RETURN_TYPE = YES_ERROR;
				GCC_WARN_UNDECLARED_SELECTOR = YES;
				GCC_WARN_UNINITIALIZED_AUTOS = YES_AGGRESSIVE;
				GCC_WARN_UNUSED_FUNCTION = YES;
				GCC_WARN_UNUSED_VARIABLE = YES;
				IPHONEOS_DEPLOYMENT_TARGET = 17.0;
				LOCALIZATION_PREFERS_STRING_CATALOGS = YES;
				MTL_ENABLE_DEBUG_INFO = NO;
				MTL_FAST_MATH = YES;
				SDKROOT = iphoneos;
				SWIFT_COMPILATION_MODE = wholemodule;
				VALIDATE_PRODUCT = YES;
			};
			name = Release;
		};
		112A2C392B32F0BA00AC0570 /* Debug */ = {
			isa = XCBuildConfiguration;
			buildSettings = {
				ASSETCATALOG_COMPILER_APPICON_NAME = AppIcon;
				ASSETCATALOG_COMPILER_GLOBAL_ACCENT_COLOR_NAME = AccentColor;
				CODE_SIGN_STYLE = Automatic;
				CURRENT_PROJECT_VERSION = 1;
				DEVELOPMENT_TEAM = 8464ZAW3X6;
				GENERATE_INFOPLIST_FILE = YES;
				INFOPLIST_FILE = weatherapp/Info.plist;
				INFOPLIST_KEY_UIApplicationSupportsIndirectInputEvents = YES;
				INFOPLIST_KEY_UILaunchStoryboardName = LaunchScreen;
				INFOPLIST_KEY_UISupportedInterfaceOrientations_iPad = "UIInterfaceOrientationPortrait UIInterfaceOrientationPortraitUpsideDown UIInterfaceOrientationLandscapeLeft UIInterfaceOrientationLandscapeRight";
				INFOPLIST_KEY_UISupportedInterfaceOrientations_iPhone = "UIInterfaceOrientationPortrait UIInterfaceOrientationLandscapeLeft UIInterfaceOrientationLandscapeRight";
				LD_RUNPATH_SEARCH_PATHS = (
					"$(inherited)",
					"@executable_path/Frameworks",
				);
				MARKETING_VERSION = 1.0;
				PRODUCT_BUNDLE_IDENTIFIER = com.overdrowe.weatherapp;
				PRODUCT_NAME = "$(TARGET_NAME)";
				SWIFT_EMIT_LOC_STRINGS = YES;
				SWIFT_VERSION = 5.0;
				TARGETED_DEVICE_FAMILY = "1,2";
			};
			name = Debug;
		};
		112A2C3A2B32F0BA00AC0570 /* Release */ = {
			isa = XCBuildConfiguration;
			buildSettings = {
				ASSETCATALOG_COMPILER_APPICON_NAME = AppIcon;
				ASSETCATALOG_COMPILER_GLOBAL_ACCENT_COLOR_NAME = AccentColor;
				CODE_SIGN_STYLE = Automatic;
				CURRENT_PROJECT_VERSION = 1;
				DEVELOPMENT_TEAM = 8464ZAW3X6;
				GENERATE_INFOPLIST_FILE = YES;
				INFOPLIST_FILE = weatherapp/Info.plist;
				INFOPLIST_KEY_UIApplicationSupportsIndirectInputEvents = YES;
				INFOPLIST_KEY_UILaunchStoryboardName = LaunchScreen;
				INFOPLIST_KEY_UISupportedInterfaceOrientations_iPad = "UIInterfaceOrientationPortrait UIInterfaceOrientationPortraitUpsideDown UIInterfaceOrientationLandscapeLeft UIInterfaceOrientationLandscapeRight";
				INFOPLIST_KEY_UISupportedInterfaceOrientations_iPhone = "UIInterfaceOrientationPortrait UIInterfaceOrientationLandscapeLeft UIInterfaceOrientationLandscapeRight";
				LD_RUNPATH_SEARCH_PATHS = (
					"$(inherited)",
					"@executable_path/Frameworks",
				);
				MARKETING_VERSION = 1.0;
				PRODUCT_BUNDLE_IDENTIFIER = com.overdrowe.weatherapp;
				PRODUCT_NAME = "$(TARGET_NAME)";
				SWIFT_EMIT_LOC_STRINGS = YES;
				SWIFT_VERSION = 5.0;
				TARGETED_DEVICE_FAMILY = "1,2";
			};
			name = Release;
		};
/* End XCBuildConfiguration section */

/* Begin XCConfigurationList section */
		112A2C092B32F0B900AC0570 /* Build configuration list for PBXProject "weatherapp" */ = {
			isa = XCConfigurationList;
			buildConfigurations = (
				112A2C362B32F0BA00AC0570 /* Debug */,
				112A2C372B32F0BA00AC0570 /* Release */,
			);
			defaultConfigurationIsVisible = 0;
			defaultConfigurationName = Release;
		};
		112A2C382B32F0BA00AC0570 /* Build configuration list for PBXNativeTarget "weatherapp" */ = {
			isa = XCConfigurationList;
			buildConfigurations = (
				112A2C392B32F0BA00AC0570 /* Debug */,
				112A2C3A2B32F0BA00AC0570 /* Release */,
			);
			defaultConfigurationIsVisible = 0;
			defaultConfigurationName = Release;
		};
/* End XCConfigurationList section */

/* Begin XCRemoteSwiftPackageReference section */
		112A2C412B32FF6500AC0570 /* XCRemoteSwiftPackageReference "RxSwift" */ = {
			isa = XCRemoteSwiftPackageReference;
			repositoryURL = "https://github.com/ReactiveX/RxSwift.git";
			requirement = {
				kind = upToNextMajorVersion;
				minimumVersion = 6.6.0;
			};
		};
		112A2C562B3316CA00AC0570 /* XCRemoteSwiftPackageReference "SnapKit" */ = {
			isa = XCRemoteSwiftPackageReference;
			repositoryURL = "https://github.com/SnapKit/SnapKit.git";
			requirement = {
				kind = upToNextMajorVersion;
				minimumVersion = 5.6.0;
			};
		};
/* End XCRemoteSwiftPackageReference section */

/* Begin XCSwiftPackageProductDependency section */
		11B300742B331E490021FB6A /* RxBlocking */ = {
			isa = XCSwiftPackageProductDependency;
			package = 112A2C412B32FF6500AC0570 /* XCRemoteSwiftPackageReference "RxSwift" */;
			productName = RxBlocking;
		};
		11B300762B331E490021FB6A /* RxBlocking-Dynamic */ = {
			isa = XCSwiftPackageProductDependency;
			package = 112A2C412B32FF6500AC0570 /* XCRemoteSwiftPackageReference "RxSwift" */;
			productName = "RxBlocking-Dynamic";
		};
		11B300782B331E490021FB6A /* RxCocoa */ = {
			isa = XCSwiftPackageProductDependency;
			package = 112A2C412B32FF6500AC0570 /* XCRemoteSwiftPackageReference "RxSwift" */;
			productName = RxCocoa;
		};
		11B3007A2B331E490021FB6A /* RxCocoa-Dynamic */ = {
			isa = XCSwiftPackageProductDependency;
			package = 112A2C412B32FF6500AC0570 /* XCRemoteSwiftPackageReference "RxSwift" */;
			productName = "RxCocoa-Dynamic";
		};
		11B3007C2B331E490021FB6A /* RxRelay */ = {
			isa = XCSwiftPackageProductDependency;
			package = 112A2C412B32FF6500AC0570 /* XCRemoteSwiftPackageReference "RxSwift" */;
			productName = RxRelay;
		};
		11B3007E2B331E490021FB6A /* RxRelay-Dynamic */ = {
			isa = XCSwiftPackageProductDependency;
			package = 112A2C412B32FF6500AC0570 /* XCRemoteSwiftPackageReference "RxSwift" */;
			productName = "RxRelay-Dynamic";
		};
		11B300802B331E490021FB6A /* RxSwift */ = {
			isa = XCSwiftPackageProductDependency;
			package = 112A2C412B32FF6500AC0570 /* XCRemoteSwiftPackageReference "RxSwift" */;
			productName = RxSwift;
		};
		11B300822B331E490021FB6A /* RxSwift-Dynamic */ = {
			isa = XCSwiftPackageProductDependency;
			package = 112A2C412B32FF6500AC0570 /* XCRemoteSwiftPackageReference "RxSwift" */;
			productName = "RxSwift-Dynamic";
		};
		11B300B32B3333F10021FB6A /* SnapKit */ = {
			isa = XCSwiftPackageProductDependency;
			package = 112A2C562B3316CA00AC0570 /* XCRemoteSwiftPackageReference "SnapKit" */;
			productName = SnapKit;
		};
		11B300B52B3333F10021FB6A /* SnapKit-Dynamic */ = {
			isa = XCSwiftPackageProductDependency;
			package = 112A2C562B3316CA00AC0570 /* XCRemoteSwiftPackageReference "SnapKit" */;
			productName = "SnapKit-Dynamic";
		};
/* End XCSwiftPackageProductDependency section */
	};
	rootObject = 112A2C062B32F0B900AC0570 /* Project object */;
}
