// !$*UTF8*$!
{
	archiveVersion = 1;
	classes = {
	};
	objectVersion = 56;
	objects = {

/* Begin PBXBuildFile section */
		112A2C122B32F0B900AC0570 /* AppDelegate.swift in Sources */ = {isa = PBXBuildFile; fileRef = 112A2C112B32F0B900AC0570 /* AppDelegate.swift */; };
		112A2C142B32F0B900AC0570 /* SceneDelegate.swift in Sources */ = {isa = PBXBuildFile; fileRef = 112A2C132B32F0B900AC0570 /* SceneDelegate.swift */; };
		112A2C162B32F0B900AC0570 /* ViewController.swift in Sources */ = {isa = PBXBuildFile; fileRef = 112A2C152B32F0B900AC0570 /* ViewController.swift */; };
		112A2C192B32F0B900AC0570 /* Main.storyboard in Resources */ = {isa = PBXBuildFile; fileRef = 112A2C172B32F0B900AC0570 /* Main.storyboard */; };
		112A2C1B2B32F0BA00AC0570 /* Assets.xcassets in Resources */ = {isa = PBXBuildFile; fileRef = 112A2C1A2B32F0BA00AC0570 /* Assets.xcassets */; };
		112A2C1E2B32F0BA00AC0570 /* LaunchScreen.storyboard in Resources */ = {isa = PBXBuildFile; fileRef = 112A2C1C2B32F0BA00AC0570 /* LaunchScreen.storyboard */; };
		112A2C292B32F0BA00AC0570 /* weatherappTests.swift in Sources */ = {isa = PBXBuildFile; fileRef = 112A2C282B32F0BA00AC0570 /* weatherappTests.swift */; };
		112A2C332B32F0BA00AC0570 /* weatherappUITests.swift in Sources */ = {isa = PBXBuildFile; fileRef = 112A2C322B32F0BA00AC0570 /* weatherappUITests.swift */; };
		112A2C352B32F0BA00AC0570 /* weatherappUITestsLaunchTests.swift in Sources */ = {isa = PBXBuildFile; fileRef = 112A2C342B32F0BA00AC0570 /* weatherappUITestsLaunchTests.swift */; };
/* End PBXBuildFile section */

/* Begin PBXContainerItemProxy section */
		112A2C252B32F0BA00AC0570 /* PBXContainerItemProxy */ = {
			isa = PBXContainerItemProxy;
			containerPortal = 112A2C062B32F0B900AC0570 /* Project object */;
			proxyType = 1;
			remoteGlobalIDString = 112A2C0D2B32F0B900AC0570;
			remoteInfo = weatherapp;
		};
		112A2C2F2B32F0BA00AC0570 /* PBXContainerItemProxy */ = {
			isa = PBXContainerItemProxy;
			containerPortal = 112A2C062B32F0B900AC0570 /* Project object */;
			proxyType = 1;
			remoteGlobalIDString = 112A2C0D2B32F0B900AC0570;
			remoteInfo = weatherapp;
		};
/* End PBXContainerItemProxy section */

/* Begin PBXFileReference section */
		112A2C0E2B32F0B900AC0570 /* weatherapp.app */ = {isa = PBXFileReference; explicitFileType = wrapper.application; includeInIndex = 0; path = weatherapp.app; sourceTree = BUILT_PRODUCTS_DIR; };
		112A2C112B32F0B900AC0570 /* AppDelegate.swift */ = {isa = PBXFileReference; lastKnownFileType = sourcecode.swift; path = AppDelegate.swift; sourceTree = "<group>"; };
		112A2C132B32F0B900AC0570 /* SceneDelegate.swift */ = {isa = PBXFileReference; lastKnownFileType = sourcecode.swift; path = SceneDelegate.swift; sourceTree = "<group>"; };
		112A2C152B32F0B900AC0570 /* ViewController.swift */ = {isa = PBXFileReference; lastKnownFileType = sourcecode.swift; path = ViewController.swift; sourceTree = "<group>"; };
		112A2C182B32F0B900AC0570 /* Base */ = {isa = PBXFileReference; lastKnownFileType = file.storyboard; name = Base; path = Base.lproj/Main.storyboard; sourceTree = "<group>"; };
		112A2C1A2B32F0BA00AC0570 /* Assets.xcassets */ = {isa = PBXFileReference; lastKnownFileType = folder.assetcatalog; path = Assets.xcassets; sourceTree = "<group>"; };
		112A2C1D2B32F0BA00AC0570 /* Base */ = {isa = PBXFileReference; lastKnownFileType = file.storyboard; name = Base; path = Base.lproj/LaunchScreen.storyboard; sourceTree = "<group>"; };
		112A2C1F2B32F0BA00AC0570 /* Info.plist */ = {isa = PBXFileReference; lastKnownFileType = text.plist.xml; path = Info.plist; sourceTree = "<group>"; };
		112A2C242B32F0BA00AC0570 /* weatherappTests.xctest */ = {isa = PBXFileReference; explicitFileType = wrapper.cfbundle; includeInIndex = 0; path = weatherappTests.xctest; sourceTree = BUILT_PRODUCTS_DIR; };
		112A2C282B32F0BA00AC0570 /* weatherappTests.swift */ = {isa = PBXFileReference; lastKnownFileType = sourcecode.swift; path = weatherappTests.swift; sourceTree = "<group>"; };
		112A2C2E2B32F0BA00AC0570 /* weatherappUITests.xctest */ = {isa = PBXFileReference; explicitFileType = wrapper.cfbundle; includeInIndex = 0; path = weatherappUITests.xctest; sourceTree = BUILT_PRODUCTS_DIR; };
		112A2C322B32F0BA00AC0570 /* weatherappUITests.swift */ = {isa = PBXFileReference; lastKnownFileType = sourcecode.swift; path = weatherappUITests.swift; sourceTree = "<group>"; };
		112A2C342B32F0BA00AC0570 /* weatherappUITestsLaunchTests.swift */ = {isa = PBXFileReference; lastKnownFileType = sourcecode.swift; path = weatherappUITestsLaunchTests.swift; sourceTree = "<group>"; };
/* End PBXFileReference section */

/* Begin PBXFrameworksBuildPhase section */
		112A2C0B2B32F0B900AC0570 /* Frameworks */ = {
			isa = PBXFrameworksBuildPhase;
			buildActionMask = 2147483647;
			files = (
			);
			runOnlyForDeploymentPostprocessing = 0;
		};
		112A2C212B32F0BA00AC0570 /* Frameworks */ = {
			isa = PBXFrameworksBuildPhase;
			buildActionMask = 2147483647;
			files = (
			);
			runOnlyForDeploymentPostprocessing = 0;
		};
		112A2C2B2B32F0BA00AC0570 /* Frameworks */ = {
			isa = PBXFrameworksBuildPhase;
			buildActionMask = 2147483647;
			files = (
			);
			runOnlyForDeploymentPostprocessing = 0;
		};
/* End PBXFrameworksBuildPhase section */

/* Begin PBXGroup section */
		112A2C052B32F0B900AC0570 = {
			isa = PBXGroup;
			children = (
				112A2C102B32F0B900AC0570 /* weatherapp */,
				112A2C272B32F0BA00AC0570 /* weatherappTests */,
				112A2C312B32F0BA00AC0570 /* weatherappUITests */,
				112A2C0F2B32F0B900AC0570 /* Products */,
			);
			sourceTree = "<group>";
		};
		112A2C0F2B32F0B900AC0570 /* Products */ = {
			isa = PBXGroup;
			children = (
				112A2C0E2B32F0B900AC0570 /* weatherapp.app */,
				112A2C242B32F0BA00AC0570 /* weatherappTests.xctest */,
				112A2C2E2B32F0BA00AC0570 /* weatherappUITests.xctest */,
			);
			name = Products;
			sourceTree = "<group>";
		};
		112A2C102B32F0B900AC0570 /* weatherapp */ = {
			isa = PBXGroup;
			children = (
				112A2C112B32F0B900AC0570 /* AppDelegate.swift */,
				112A2C132B32F0B900AC0570 /* SceneDelegate.swift */,
				112A2C152B32F0B900AC0570 /* ViewController.swift */,
				112A2C172B32F0B900AC0570 /* Main.storyboard */,
				112A2C1A2B32F0BA00AC0570 /* Assets.xcassets */,
				112A2C1C2B32F0BA00AC0570 /* LaunchScreen.storyboard */,
				112A2C1F2B32F0BA00AC0570 /* Info.plist */,
			);
			path = weatherapp;
			sourceTree = "<group>";
		};
		112A2C272B32F0BA00AC0570 /* weatherappTests */ = {
			isa = PBXGroup;
			children = (
				112A2C282B32F0BA00AC0570 /* weatherappTests.swift */,
			);
			path = weatherappTests;
			sourceTree = "<group>";
		};
		112A2C312B32F0BA00AC0570 /* weatherappUITests */ = {
			isa = PBXGroup;
			children = (
				112A2C322B32F0BA00AC0570 /* weatherappUITests.swift */,
				112A2C342B32F0BA00AC0570 /* weatherappUITestsLaunchTests.swift */,
			);
			path = weatherappUITests;
			sourceTree = "<group>";
		};
/* End PBXGroup section */

/* Begin PBXNativeTarget section */
		112A2C0D2B32F0B900AC0570 /* weatherapp */ = {
			isa = PBXNativeTarget;
			buildConfigurationList = 112A2C382B32F0BA00AC0570 /* Build configuration list for PBXNativeTarget "weatherapp" */;
			buildPhases = (
				112A2C0A2B32F0B900AC0570 /* Sources */,
				112A2C0B2B32F0B900AC0570 /* Frameworks */,
				112A2C0C2B32F0B900AC0570 /* Resources */,
			);
			buildRules = (
			);
			dependencies = (
			);
			name = weatherapp;
			productName = weatherapp;
			productReference = 112A2C0E2B32F0B900AC0570 /* weatherapp.app */;
			productType = "com.apple.product-type.application";
		};
		112A2C232B32F0BA00AC0570 /* weatherappTests */ = {
			isa = PBXNativeTarget;
			buildConfigurationList = 112A2C3B2B32F0BA00AC0570 /* Build configuration list for PBXNativeTarget "weatherappTests" */;
			buildPhases = (
				112A2C202B32F0BA00AC0570 /* Sources */,
				112A2C212B32F0BA00AC0570 /* Frameworks */,
				112A2C222B32F0BA00AC0570 /* Resources */,
			);
			buildRules = (
			);
			dependencies = (
				112A2C262B32F0BA00AC0570 /* PBXTargetDependency */,
			);
			name = weatherappTests;
			productName = weatherappTests;
			productReference = 112A2C242B32F0BA00AC0570 /* weatherappTests.xctest */;
			productType = "com.apple.product-type.bundle.unit-test";
		};
		112A2C2D2B32F0BA00AC0570 /* weatherappUITests */ = {
			isa = PBXNativeTarget;
			buildConfigurationList = 112A2C3E2B32F0BA00AC0570 /* Build configuration list for PBXNativeTarget "weatherappUITests" */;
			buildPhases = (
				112A2C2A2B32F0BA00AC0570 /* Sources */,
				112A2C2B2B32F0BA00AC0570 /* Frameworks */,
				112A2C2C2B32F0BA00AC0570 /* Resources */,
			);
			buildRules = (
			);
			dependencies = (
				112A2C302B32F0BA00AC0570 /* PBXTargetDependency */,
			);
			name = weatherappUITests;
			productName = weatherappUITests;
			productReference = 112A2C2E2B32F0BA00AC0570 /* weatherappUITests.xctest */;
			productType = "com.apple.product-type.bundle.ui-testing";
		};
/* End PBXNativeTarget section */

/* Begin PBXProject section */
		112A2C062B32F0B900AC0570 /* Project object */ = {
			isa = PBXProject;
			attributes = {
				BuildIndependentTargetsInParallel = 1;
				LastSwiftUpdateCheck = 1500;
				LastUpgradeCheck = 1500;
				TargetAttributes = {
					112A2C0D2B32F0B900AC0570 = {
						CreatedOnToolsVersion = 15.0.1;
					};
					112A2C232B32F0BA00AC0570 = {
						CreatedOnToolsVersion = 15.0.1;
						TestTargetID = 112A2C0D2B32F0B900AC0570;
					};
					112A2C2D2B32F0BA00AC0570 = {
						CreatedOnToolsVersion = 15.0.1;
						TestTargetID = 112A2C0D2B32F0B900AC0570;
					};
				};
			};
			buildConfigurationList = 112A2C092B32F0B900AC0570 /* Build configuration list for PBXProject "weatherapp" */;
			compatibilityVersion = "Xcode 14.0";
			developmentRegion = en;
			hasScannedForEncodings = 0;
			knownRegions = (
				en,
				Base,
			);
			mainGroup = 112A2C052B32F0B900AC0570;
			productRefGroup = 112A2C0F2B32F0B900AC0570 /* Products */;
			projectDirPath = "";
			projectRoot = "";
			targets = (
				112A2C0D2B32F0B900AC0570 /* weatherapp */,
				112A2C232B32F0BA00AC0570 /* weatherappTests */,
				112A2C2D2B32F0BA00AC0570 /* weatherappUITests */,
			);
		};
/* End PBXProject section */

/* Begin PBXResourcesBuildPhase section */
		112A2C0C2B32F0B900AC0570 /* Resources */ = {
			isa = PBXResourcesBuildPhase;
			buildActionMask = 2147483647;
			files = (
				112A2C1E2B32F0BA00AC0570 /* LaunchScreen.storyboard in Resources */,
				112A2C1B2B32F0BA00AC0570 /* Assets.xcassets in Resources */,
				112A2C192B32F0B900AC0570 /* Main.storyboard in Resources */,
			);
			runOnlyForDeploymentPostprocessing = 0;
		};
		112A2C222B32F0BA00AC0570 /* Resources */ = {
			isa = PBXResourcesBuildPhase;
			buildActionMask = 2147483647;
			files = (
			);
			runOnlyForDeploymentPostprocessing = 0;
		};
		112A2C2C2B32F0BA00AC0570 /* Resources */ = {
			isa = PBXResourcesBuildPhase;
			buildActionMask = 2147483647;
			files = (
			);
			runOnlyForDeploymentPostprocessing = 0;
		};
/* End PBXResourcesBuildPhase section */

/* Begin PBXSourcesBuildPhase section */
		112A2C0A2B32F0B900AC0570 /* Sources */ = {
			isa = PBXSourcesBuildPhase;
			buildActionMask = 2147483647;
			files = (
				112A2C162B32F0B900AC0570 /* ViewController.swift in Sources */,
				112A2C122B32F0B900AC0570 /* AppDelegate.swift in Sources */,
				112A2C142B32F0B900AC0570 /* SceneDelegate.swift in Sources */,
			);
			runOnlyForDeploymentPostprocessing = 0;
		};
		112A2C202B32F0BA00AC0570 /* Sources */ = {
			isa = PBXSourcesBuildPhase;
			buildActionMask = 2147483647;
			files = (
				112A2C292B32F0BA00AC0570 /* weatherappTests.swift in Sources */,
			);
			runOnlyForDeploymentPostprocessing = 0;
		};
		112A2C2A2B32F0BA00AC0570 /* Sources */ = {
			isa = PBXSourcesBuildPhase;
			buildActionMask = 2147483647;
			files = (
				112A2C332B32F0BA00AC0570 /* weatherappUITests.swift in Sources */,
				112A2C352B32F0BA00AC0570 /* weatherappUITestsLaunchTests.swift in Sources */,
			);
			runOnlyForDeploymentPostprocessing = 0;
		};
/* End PBXSourcesBuildPhase section */

/* Begin PBXTargetDependency section */
		112A2C262B32F0BA00AC0570 /* PBXTargetDependency */ = {
			isa = PBXTargetDependency;
			target = 112A2C0D2B32F0B900AC0570 /* weatherapp */;
			targetProxy = 112A2C252B32F0BA00AC0570 /* PBXContainerItemProxy */;
		};
		112A2C302B32F0BA00AC0570 /* PBXTargetDependency */ = {
			isa = PBXTargetDependency;
			target = 112A2C0D2B32F0B900AC0570 /* weatherapp */;
			targetProxy = 112A2C2F2B32F0BA00AC0570 /* PBXContainerItemProxy */;
		};
/* End PBXTargetDependency section */

/* Begin PBXVariantGroup section */
		112A2C172B32F0B900AC0570 /* Main.storyboard */ = {
			isa = PBXVariantGroup;
			children = (
				112A2C182B32F0B900AC0570 /* Base */,
			);
			name = Main.storyboard;
			sourceTree = "<group>";
		};
		112A2C1C2B32F0BA00AC0570 /* LaunchScreen.storyboard */ = {
			isa = PBXVariantGroup;
			children = (
				112A2C1D2B32F0BA00AC0570 /* Base */,
			);
			name = LaunchScreen.storyboard;
			sourceTree = "<group>";
		};
/* End PBXVariantGroup section */

/* Begin XCBuildConfiguration section */
		112A2C362B32F0BA00AC0570 /* Debug */ = {
			isa = XCBuildConfiguration;
			buildSettings = {
				ALWAYS_SEARCH_USER_PATHS = NO;
				ASSETCATALOG_COMPILER_GENERATE_SWIFT_ASSET_SYMBOL_EXTENSIONS = YES;
				CLANG_ANALYZER_NONNULL = YES;
				CLANG_ANALYZER_NUMBER_OBJECT_CONVERSION = YES_AGGRESSIVE;
				CLANG_CXX_LANGUAGE_STANDARD = "gnu++20";
				CLANG_ENABLE_MODULES = YES;
				CLANG_ENABLE_OBJC_ARC = YES;
				CLANG_ENABLE_OBJC_WEAK = YES;
				CLANG_WARN_BLOCK_CAPTURE_AUTORELEASING = YES;
				CLANG_WARN_BOOL_CONVERSION = YES;
				CLANG_WARN_COMMA = YES;
				CLANG_WARN_CONSTANT_CONVERSION = YES;
				CLANG_WARN_DEPRECATED_OBJC_IMPLEMENTATIONS = YES;
				CLANG_WARN_DIRECT_OBJC_ISA_USAGE = YES_ERROR;
				CLANG_WARN_DOCUMENTATION_COMMENTS = YES;
				CLANG_WARN_EMPTY_BODY = YES;
				CLANG_WARN_ENUM_CONVERSION = YES;
				CLANG_WARN_INFINITE_RECURSION = YES;
				CLANG_WARN_INT_CONVERSION = YES;
				CLANG_WARN_NON_LITERAL_NULL_CONVERSION = YES;
				CLANG_WARN_OBJC_IMPLICIT_RETAIN_SELF = YES;
				CLANG_WARN_OBJC_LITERAL_CONVERSION = YES;
				CLANG_WARN_OBJC_ROOT_CLASS = YES_ERROR;
				CLANG_WARN_QUOTED_INCLUDE_IN_FRAMEWORK_HEADER = YES;
				CLANG_WARN_RANGE_LOOP_ANALYSIS = YES;
				CLANG_WARN_STRICT_PROTOTYPES = YES;
				CLANG_WARN_SUSPICIOUS_MOVE = YES;
				CLANG_WARN_UNGUARDED_AVAILABILITY = YES_AGGRESSIVE;
				CLANG_WARN_UNREACHABLE_CODE = YES;
				CLANG_WARN__DUPLICATE_METHOD_MATCH = YES;
				COPY_PHASE_STRIP = NO;
				DEBUG_INFORMATION_FORMAT = dwarf;
				ENABLE_STRICT_OBJC_MSGSEND = YES;
				ENABLE_TESTABILITY = YES;
				ENABLE_USER_SCRIPT_SANDBOXING = YES;
				GCC_C_LANGUAGE_STANDARD = gnu17;
				GCC_DYNAMIC_NO_PIC = NO;
				GCC_NO_COMMON_BLOCKS = YES;
				GCC_OPTIMIZATION_LEVEL = 0;
				GCC_PREPROCESSOR_DEFINITIONS = (
					"DEBUG=1",
					"$(inherited)",
				);
				GCC_WARN_64_TO_32_BIT_CONVERSION = YES;
				GCC_WARN_ABOUT_RETURN_TYPE = YES_ERROR;
				GCC_WARN_UNDECLARED_SELECTOR = YES;
				GCC_WARN_UNINITIALIZED_AUTOS = YES_AGGRESSIVE;
				GCC_WARN_UNUSED_FUNCTION = YES;
				GCC_WARN_UNUSED_VARIABLE = YES;
				IPHONEOS_DEPLOYMENT_TARGET = 17.0;
				LOCALIZATION_PREFERS_STRING_CATALOGS = YES;
				MTL_ENABLE_DEBUG_INFO = INCLUDE_SOURCE;
				MTL_FAST_MATH = YES;
				ONLY_ACTIVE_ARCH = YES;
				SDKROOT = iphoneos;
				SWIFT_ACTIVE_COMPILATION_CONDITIONS = "DEBUG $(inherited)";
				SWIFT_OPTIMIZATION_LEVEL = "-Onone";
			};
			name = Debug;
		};
		112A2C372B32F0BA00AC0570 /* Release */ = {
			isa = XCBuildConfiguration;
			buildSettings = {
				ALWAYS_SEARCH_USER_PATHS = NO;
				ASSETCATALOG_COMPILER_GENERATE_SWIFT_ASSET_SYMBOL_EXTENSIONS = YES;
				CLANG_ANALYZER_NONNULL = YES;
				CLANG_ANALYZER_NUMBER_OBJECT_CONVERSION = YES_AGGRESSIVE;
				CLANG_CXX_LANGUAGE_STANDARD = "gnu++20";
				CLANG_ENABLE_MODULES = YES;
				CLANG_ENABLE_OBJC_ARC = YES;
				CLANG_ENABLE_OBJC_WEAK = YES;
				CLANG_WARN_BLOCK_CAPTURE_AUTORELEASING = YES;
				CLANG_WARN_BOOL_CONVERSION = YES;
				CLANG_WARN_COMMA = YES;
				CLANG_WARN_CONSTANT_CONVERSION = YES;
				CLANG_WARN_DEPRECATED_OBJC_IMPLEMENTATIONS = YES;
				CLANG_WARN_DIRECT_OBJC_ISA_USAGE = YES_ERROR;
				CLANG_WARN_DOCUMENTATION_COMMENTS = YES;
				CLANG_WARN_EMPTY_BODY = YES;
				CLANG_WARN_ENUM_CONVERSION = YES;
				CLANG_WARN_INFINITE_RECURSION = YES;
				CLANG_WARN_INT_CONVERSION = YES;
				CLANG_WARN_NON_LITERAL_NULL_CONVERSION = YES;
				CLANG_WARN_OBJC_IMPLICIT_RETAIN_SELF = YES;
				CLANG_WARN_OBJC_LITERAL_CONVERSION = YES;
				CLANG_WARN_OBJC_ROOT_CLASS = YES_ERROR;
				CLANG_WARN_QUOTED_INCLUDE_IN_FRAMEWORK_HEADER = YES;
				CLANG_WARN_RANGE_LOOP_ANALYSIS = YES;
				CLANG_WARN_STRICT_PROTOTYPES = YES;
				CLANG_WARN_SUSPICIOUS_MOVE = YES;
				CLANG_WARN_UNGUARDED_AVAILABILITY = YES_AGGRESSIVE;
				CLANG_WARN_UNREACHABLE_CODE = YES;
				CLANG_WARN__DUPLICATE_METHOD_MATCH = YES;
				COPY_PHASE_STRIP = NO;
				DEBUG_INFORMATION_FORMAT = "dwarf-with-dsym";
				ENABLE_NS_ASSERTIONS = NO;
				ENABLE_STRICT_OBJC_MSGSEND = YES;
				ENABLE_USER_SCRIPT_SANDBOXING = YES;
				GCC_C_LANGUAGE_STANDARD = gnu17;
				GCC_NO_COMMON_BLOCKS = YES;
				GCC_WARN_64_TO_32_BIT_CONVERSION = YES;
				GCC_WARN_ABOUT_RETURN_TYPE = YES_ERROR;
				GCC_WARN_UNDECLARED_SELECTOR = YES;
				GCC_WARN_UNINITIALIZED_AUTOS = YES_AGGRESSIVE;
				GCC_WARN_UNUSED_FUNCTION = YES;
				GCC_WARN_UNUSED_VARIABLE = YES;
				IPHONEOS_DEPLOYMENT_TARGET = 17.0;
				LOCALIZATION_PREFERS_STRING_CATALOGS = YES;
				MTL_ENABLE_DEBUG_INFO = NO;
				MTL_FAST_MATH = YES;
				SDKROOT = iphoneos;
				SWIFT_COMPILATION_MODE = wholemodule;
				VALIDATE_PRODUCT = YES;
			};
			name = Release;
		};
		112A2C392B32F0BA00AC0570 /* Debug */ = {
			isa = XCBuildConfiguration;
			buildSettings = {
				ASSETCATALOG_COMPILER_APPICON_NAME = AppIcon;
				ASSETCATALOG_COMPILER_GLOBAL_ACCENT_COLOR_NAME = AccentColor;
				CODE_SIGN_STYLE = Automatic;
				CURRENT_PROJECT_VERSION = 1;
				DEVELOPMENT_TEAM = 8464ZAW3X6;
				GENERATE_INFOPLIST_FILE = YES;
				INFOPLIST_FILE = weatherapp/Info.plist;
				INFOPLIST_KEY_UIApplicationSupportsIndirectInputEvents = YES;
				INFOPLIST_KEY_UILaunchStoryboardName = LaunchScreen;
				INFOPLIST_KEY_UIMainStoryboardFile = Main;
				INFOPLIST_KEY_UISupportedInterfaceOrientations_iPad = "UIInterfaceOrientationPortrait UIInterfaceOrientationPortraitUpsideDown UIInterfaceOrientationLandscapeLeft UIInterfaceOrientationLandscapeRight";
				INFOPLIST_KEY_UISupportedInterfaceOrientations_iPhone = "UIInterfaceOrientationPortrait UIInterfaceOrientationLandscapeLeft UIInterfaceOrientationLandscapeRight";
				LD_RUNPATH_SEARCH_PATHS = (
					"$(inherited)",
					"@executable_path/Frameworks",
				);
				MARKETING_VERSION = 1.0;
				PRODUCT_BUNDLE_IDENTIFIER = com.overdrowe.weatherapp;
				PRODUCT_NAME = "$(TARGET_NAME)";
				SWIFT_EMIT_LOC_STRINGS = YES;
				SWIFT_VERSION = 5.0;
				TARGETED_DEVICE_FAMILY = "1,2";
			};
			name = Debug;
		};
		112A2C3A2B32F0BA00AC0570 /* Release */ = {
			isa = XCBuildConfiguration;
			buildSettings = {
				ASSETCATALOG_COMPILER_APPICON_NAME = AppIcon;
				ASSETCATALOG_COMPILER_GLOBAL_ACCENT_COLOR_NAME = AccentColor;
				CODE_SIGN_STYLE = Automatic;
				CURRENT_PROJECT_VERSION = 1;
				DEVELOPMENT_TEAM = 8464ZAW3X6;
				GENERATE_INFOPLIST_FILE = YES;
				INFOPLIST_FILE = weatherapp/Info.plist;
				INFOPLIST_KEY_UIApplicationSupportsIndirectInputEvents = YES;
				INFOPLIST_KEY_UILaunchStoryboardName = LaunchScreen;
				INFOPLIST_KEY_UIMainStoryboardFile = Main;
				INFOPLIST_KEY_UISupportedInterfaceOrientations_iPad = "UIInterfaceOrientationPortrait UIInterfaceOrientationPortraitUpsideDown UIInterfaceOrientationLandscapeLeft UIInterfaceOrientationLandscapeRight";
				INFOPLIST_KEY_UISupportedInterfaceOrientations_iPhone = "UIInterfaceOrientationPortrait UIInterfaceOrientationLandscapeLeft UIInterfaceOrientationLandscapeRight";
				LD_RUNPATH_SEARCH_PATHS = (
					"$(inherited)",
					"@executable_path/Frameworks",
				);
				MARKETING_VERSION = 1.0;
				PRODUCT_BUNDLE_IDENTIFIER = com.overdrowe.weatherapp;
				PRODUCT_NAME = "$(TARGET_NAME)";
				SWIFT_EMIT_LOC_STRINGS = YES;
				SWIFT_VERSION = 5.0;
				TARGETED_DEVICE_FAMILY = "1,2";
			};
			name = Release;
		};
		112A2C3C2B32F0BA00AC0570 /* Debug */ = {
			isa = XCBuildConfiguration;
			buildSettings = {
				ALWAYS_EMBED_SWIFT_STANDARD_LIBRARIES = YES;
				BUNDLE_LOADER = "$(TEST_HOST)";
				CODE_SIGN_STYLE = Automatic;
				CURRENT_PROJECT_VERSION = 1;
				DEVELOPMENT_TEAM = 8464ZAW3X6;
				GENERATE_INFOPLIST_FILE = YES;
				IPHONEOS_DEPLOYMENT_TARGET = 17.0;
				MARKETING_VERSION = 1.0;
				PRODUCT_BUNDLE_IDENTIFIER = com.overdrowe.weatherappTests;
				PRODUCT_NAME = "$(TARGET_NAME)";
				SWIFT_EMIT_LOC_STRINGS = NO;
				SWIFT_VERSION = 5.0;
				TARGETED_DEVICE_FAMILY = "1,2";
				TEST_HOST = "$(BUILT_PRODUCTS_DIR)/weatherapp.app/$(BUNDLE_EXECUTABLE_FOLDER_PATH)/weatherapp";
			};
			name = Debug;
		};
		112A2C3D2B32F0BA00AC0570 /* Release */ = {
			isa = XCBuildConfiguration;
			buildSettings = {
				ALWAYS_EMBED_SWIFT_STANDARD_LIBRARIES = YES;
				BUNDLE_LOADER = "$(TEST_HOST)";
				CODE_SIGN_STYLE = Automatic;
				CURRENT_PROJECT_VERSION = 1;
				DEVELOPMENT_TEAM = 8464ZAW3X6;
				GENERATE_INFOPLIST_FILE = YES;
				IPHONEOS_DEPLOYMENT_TARGET = 17.0;
				MARKETING_VERSION = 1.0;
				PRODUCT_BUNDLE_IDENTIFIER = com.overdrowe.weatherappTests;
				PRODUCT_NAME = "$(TARGET_NAME)";
				SWIFT_EMIT_LOC_STRINGS = NO;
				SWIFT_VERSION = 5.0;
				TARGETED_DEVICE_FAMILY = "1,2";
				TEST_HOST = "$(BUILT_PRODUCTS_DIR)/weatherapp.app/$(BUNDLE_EXECUTABLE_FOLDER_PATH)/weatherapp";
			};
			name = Release;
		};
		112A2C3F2B32F0BA00AC0570 /* Debug */ = {
			isa = XCBuildConfiguration;
			buildSettings = {
				ALWAYS_EMBED_SWIFT_STANDARD_LIBRARIES = YES;
				CODE_SIGN_STYLE = Automatic;
				CURRENT_PROJECT_VERSION = 1;
				DEVELOPMENT_TEAM = 8464ZAW3X6;
				GENERATE_INFOPLIST_FILE = YES;
				MARKETING_VERSION = 1.0;
				PRODUCT_BUNDLE_IDENTIFIER = com.overdrowe.weatherappUITests;
				PRODUCT_NAME = "$(TARGET_NAME)";
				SWIFT_EMIT_LOC_STRINGS = NO;
				SWIFT_VERSION = 5.0;
				TARGETED_DEVICE_FAMILY = "1,2";
				TEST_TARGET_NAME = weatherapp;
			};
			name = Debug;
		};
		112A2C402B32F0BA00AC0570 /* Release */ = {
			isa = XCBuildConfiguration;
			buildSettings = {
				ALWAYS_EMBED_SWIFT_STANDARD_LIBRARIES = YES;
				CODE_SIGN_STYLE = Automatic;
				CURRENT_PROJECT_VERSION = 1;
				DEVELOPMENT_TEAM = 8464ZAW3X6;
				GENERATE_INFOPLIST_FILE = YES;
				MARKETING_VERSION = 1.0;
				PRODUCT_BUNDLE_IDENTIFIER = com.overdrowe.weatherappUITests;
				PRODUCT_NAME = "$(TARGET_NAME)";
				SWIFT_EMIT_LOC_STRINGS = NO;
				SWIFT_VERSION = 5.0;
				TARGETED_DEVICE_FAMILY = "1,2";
				TEST_TARGET_NAME = weatherapp;
			};
			name = Release;
		};
/* End XCBuildConfiguration section */

/* Begin XCConfigurationList section */
		112A2C092B32F0B900AC0570 /* Build configuration list for PBXProject "weatherapp" */ = {
			isa = XCConfigurationList;
			buildConfigurations = (
				112A2C362B32F0BA00AC0570 /* Debug */,
				112A2C372B32F0BA00AC0570 /* Release */,
			);
			defaultConfigurationIsVisible = 0;
			defaultConfigurationName = Release;
		};
		112A2C382B32F0BA00AC0570 /* Build configuration list for PBXNativeTarget "weatherapp" */ = {
			isa = XCConfigurationList;
			buildConfigurations = (
				112A2C392B32F0BA00AC0570 /* Debug */,
				112A2C3A2B32F0BA00AC0570 /* Release */,
			);
			defaultConfigurationIsVisible = 0;
			defaultConfigurationName = Release;
		};
		112A2C3B2B32F0BA00AC0570 /* Build configuration list for PBXNativeTarget "weatherappTests" */ = {
			isa = XCConfigurationList;
			buildConfigurations = (
				112A2C3C2B32F0BA00AC0570 /* Debug */,
				112A2C3D2B32F0BA00AC0570 /* Release */,
			);
			defaultConfigurationIsVisible = 0;
			defaultConfigurationName = Release;
		};
		112A2C3E2B32F0BA00AC0570 /* Build configuration list for PBXNativeTarget "weatherappUITests" */ = {
			isa = XCConfigurationList;
			buildConfigurations = (
				112A2C3F2B32F0BA00AC0570 /* Debug */,
				112A2C402B32F0BA00AC0570 /* Release */,
			);
			defaultConfigurationIsVisible = 0;
			defaultConfigurationName = Release;
		};
/* End XCConfigurationList section */
	};
	rootObject = 112A2C062B32F0B900AC0570 /* Project object */;
}
